
Microsoft Visual Studio Solution File, Format Version 12.00
# Visual Studio 14
VisualStudioVersion = 14.0.25420.1
MinimumVisualStudioVersion = 10.0.40219.1
Project("{F184B08F-C81C-45F6-A57F-5ABD9991F28F}") = "Movie-Blog Crawler", "Movie-Blog Crawler\Movie-Blog Crawler.vbproj", "{BE0DC46E-6954-4CBE-AE52-DD93A2AF5AE9}"
EndProject
Project("{F184B08F-C81C-45F6-A57F-5ABD9991F28F}") = "editFilesFtp", "editFilesFtp\editFilesFtp.vbproj", "{4093A305-738C-4718-B073-1809BB8A5C34}"
EndProject
Project("{F184B08F-C81C-45F6-A57F-5ABD9991F28F}") = "settingsCrypter", "settingsCrypter\settingsCrypter.vbproj", "{A839AD86-3D56-412D-AC39-DE1144A70CF1}"
EndProject
Project("{F184B08F-C81C-45F6-A57F-5ABD9991F28F}") = "TCP_Client", "SampleClient\TCP_Client.vbproj", "{93A71082-14B8-4D33-9231-C8188C80FC0E}"
EndProject
Project("{F184B08F-C81C-45F6-A57F-5ABD9991F28F}") = "TCP_Server", "MultiServer\TCP_Server.vbproj", "{DD1DBF43-4886-4EB6-8035-B9EA4382B34A}"
EndProject
Global
	GlobalSection(SolutionConfigurationPlatforms) = preSolution
		Debug|Any CPU = Debug|Any CPU
		Release|Any CPU = Release|Any CPU
	EndGlobalSection
	GlobalSection(ProjectConfigurationPlatforms) = postSolution
		{BE0DC46E-6954-4CBE-AE52-DD93A2AF5AE9}.Debug|Any CPU.ActiveCfg = Debug|Any CPU
		{BE0DC46E-6954-4CBE-AE52-DD93A2AF5AE9}.Debug|Any CPU.Build.0 = Debug|Any CPU
		{BE0DC46E-6954-4CBE-AE52-DD93A2AF5AE9}.Release|Any CPU.ActiveCfg = Release|Any CPU
		{BE0DC46E-6954-4CBE-AE52-DD93A2AF5AE9}.Release|Any CPU.Build.0 = Release|Any CPU
		{4093A305-738C-4718-B073-1809BB8A5C34}.Debug|Any CPU.ActiveCfg = Debug|Any CPU
		{4093A305-738C-4718-B073-1809BB8A5C34}.Debug|Any CPU.Build.0 = Debug|Any CPU
		{4093A305-738C-4718-B073-1809BB8A5C34}.Release|Any CPU.ActiveCfg = Release|Any CPU
		{4093A305-738C-4718-B073-1809BB8A5C34}.Release|Any CPU.Build.0 = Release|Any CPU
		{A839AD86-3D56-412D-AC39-DE1144A70CF1}.Debug|Any CPU.ActiveCfg = Debug|Any CPU
		{A839AD86-3D56-412D-AC39-DE1144A70CF1}.Debug|Any CPU.Build.0 = Debug|Any CPU
		{A839AD86-3D56-412D-AC39-DE1144A70CF1}.Release|Any CPU.ActiveCfg = Release|Any CPU
		{A839AD86-3D56-412D-AC39-DE1144A70CF1}.Release|Any CPU.Build.0 = Release|Any CPU
		{93A71082-14B8-4D33-9231-C8188C80FC0E}.Debug|Any CPU.ActiveCfg = Debug|Any CPU
		{93A71082-14B8-4D33-9231-C8188C80FC0E}.Debug|Any CPU.Build.0 = Debug|Any CPU
		{93A71082-14B8-4D33-9231-C8188C80FC0E}.Release|Any CPU.ActiveCfg = Release|Any CPU
		{93A71082-14B8-4D33-9231-C8188C80FC0E}.Release|Any CPU.Build.0 = Release|Any CPU
		{DD1DBF43-4886-4EB6-8035-B9EA4382B34A}.Debug|Any CPU.ActiveCfg = Debug|Any CPU
		{DD1DBF43-4886-4EB6-8035-B9EA4382B34A}.Debug|Any CPU.Build.0 = Debug|Any CPU
		{DD1DBF43-4886-4EB6-8035-B9EA4382B34A}.Release|Any CPU.ActiveCfg = Release|Any CPU
		{DD1DBF43-4886-4EB6-8035-B9EA4382B34A}.Release|Any CPU.Build.0 = Release|Any CPU
	EndGlobalSection
	GlobalSection(SolutionProperties) = preSolution
		HideSolutionNode = FALSE
	EndGlobalSection
EndGlobal
